
Microsoft Visual Studio Solution File, Format Version 12.00
# Visual Studio Version 17
VisualStudioVersion = 17.0.32112.339
MinimumVisualStudioVersion = 10.0.40219.1
Project("{FAE04EC0-301F-11D3-BF4B-00C04F79EFBC}") = "PdfiumViewer", "PdfiumViewer\PdfiumViewer.csproj", "{438914B6-5D1C-482C-B942-5C0E057EEF6F}"
EndProject
Project("{FAE04EC0-301F-11D3-BF4B-00C04F79EFBC}") = "PdfiumViewer.Demo", "PdfiumViewer.Demo\PdfiumViewer.Demo.csproj", "{ADD131F6-17EB-4E42-932F-74CBE6DBEEB3}"
EndProject
Project("{FAE04EC0-301F-11D3-BF4B-00C04F79EFBC}") = "PdfiumViewer.WPFDemo", "PdfiumViewer.WPFDemo\PdfiumViewer.WPFDemo.csproj", "{CBD6C52A-F0F4-48B8-957B-8CAD54ACD837}"
EndProject
Project("{FAE04EC0-301F-11D3-BF4B-00C04F79EFBC}") = "PdfiumViewer.Test", "PdfiumViewer.Test\PdfiumViewer.Test.csproj", "{61083268-3F14-47B7-8753-AF69BB3D0891}"
EndProject
Project("{2150E333-8FDC-42A3-9474-1A3956D46DE8}") = "Solution Items", "Solution Items", "{BF98472E-EF17-4745-8178-90F6F6875E5F}"
	ProjectSection(SolutionItems) = preProject
		.gitignore = .gitignore
		azure-pipelines.yaml = azure-pipelines.yaml
		DownloadPdfiumBinaries.ps1 = DownloadPdfiumBinaries.ps1
	EndProjectSection
EndProject
Project("{9A19103F-16F7-4668-BE54-9A1E7A4F7556}") = "Pdfium.Core", "Pdfium.Core\Pdfium.Core.csproj", "{6187D654-6AE6-4BD1-ABD6-E9AD2F59F12F}"
EndProject
Project("{FAE04EC0-301F-11D3-BF4B-00C04F79EFBC}") = "Pdfium.Console.NetCore", "Samples\Pdfium.Console.NetCore\Pdfium.Console.NetCore.csproj", "{AABF4D86-FD51-48D9-A1D0-5A2AFA04A8BB}"
EndProject
Project("{FAE04EC0-301F-11D3-BF4B-00C04F79EFBC}") = "Pdfium.Windows", "Pdfium.Windows\Pdfium.Windows.csproj", "{EBE56C76-1FF3-422D-93AC-3F604F2178C0}"
EndProject
Project("{2150E333-8FDC-42A3-9474-1A3956D46DE8}") = "Samples", "Samples", "{78537A44-C9EB-442C-8A75-7287DCC83E61}"
EndProject
Global
	GlobalSection(SolutionConfigurationPlatforms) = preSolution
		Debug|Any CPU = Debug|Any CPU
		Debug|x64 = Debug|x64
		Release|Any CPU = Release|Any CPU
		Release|x64 = Release|x64
	EndGlobalSection
	GlobalSection(ProjectConfigurationPlatforms) = postSolution
		{438914B6-5D1C-482C-B942-5C0E057EEF6F}.Debug|Any CPU.ActiveCfg = Debug|Any CPU
		{438914B6-5D1C-482C-B942-5C0E057EEF6F}.Debug|Any CPU.Build.0 = Debug|Any CPU
		{438914B6-5D1C-482C-B942-5C0E057EEF6F}.Debug|x64.ActiveCfg = Debug|Any CPU
		{438914B6-5D1C-482C-B942-5C0E057EEF6F}.Debug|x64.Build.0 = Debug|Any CPU
		{438914B6-5D1C-482C-B942-5C0E057EEF6F}.Release|Any CPU.ActiveCfg = Release|Any CPU
		{438914B6-5D1C-482C-B942-5C0E057EEF6F}.Release|x64.ActiveCfg = Release|Any CPU
		{ADD131F6-17EB-4E42-932F-74CBE6DBEEB3}.Debug|Any CPU.ActiveCfg = Debug|Any CPU
		{ADD131F6-17EB-4E42-932F-74CBE6DBEEB3}.Debug|Any CPU.Build.0 = Debug|Any CPU
		{ADD131F6-17EB-4E42-932F-74CBE6DBEEB3}.Debug|x64.ActiveCfg = Debug|x64
		{ADD131F6-17EB-4E42-932F-74CBE6DBEEB3}.Debug|x64.Build.0 = Debug|x64
		{ADD131F6-17EB-4E42-932F-74CBE6DBEEB3}.Release|Any CPU.ActiveCfg = Release|Any CPU
		{ADD131F6-17EB-4E42-932F-74CBE6DBEEB3}.Release|x64.ActiveCfg = Release|x64
		{CBD6C52A-F0F4-48B8-957B-8CAD54ACD837}.Debug|Any CPU.ActiveCfg = Debug|Any CPU
		{CBD6C52A-F0F4-48B8-957B-8CAD54ACD837}.Debug|Any CPU.Build.0 = Debug|Any CPU
		{CBD6C52A-F0F4-48B8-957B-8CAD54ACD837}.Debug|x64.ActiveCfg = Debug|x64
		{CBD6C52A-F0F4-48B8-957B-8CAD54ACD837}.Debug|x64.Build.0 = Debug|x64
		{CBD6C52A-F0F4-48B8-957B-8CAD54ACD837}.Release|Any CPU.ActiveCfg = Release|Any CPU
		{CBD6C52A-F0F4-48B8-957B-8CAD54ACD837}.Release|x64.ActiveCfg = Release|x64
		{61083268-3F14-47B7-8753-AF69BB3D0891}.Debug|Any CPU.ActiveCfg = Debug|Any CPU
		{61083268-3F14-47B7-8753-AF69BB3D0891}.Debug|Any CPU.Build.0 = Debug|Any CPU
		{61083268-3F14-47B7-8753-AF69BB3D0891}.Debug|x64.ActiveCfg = Debug|Any CPU
		{61083268-3F14-47B7-8753-AF69BB3D0891}.Debug|x64.Build.0 = Debug|Any CPU
		{61083268-3F14-47B7-8753-AF69BB3D0891}.Release|Any CPU.ActiveCfg = Release|Any CPU
		{61083268-3F14-47B7-8753-AF69BB3D0891}.Release|x64.ActiveCfg = Release|Any CPU
		{6187D654-6AE6-4BD1-ABD6-E9AD2F59F12F}.Debug|Any CPU.ActiveCfg = Debug|Any CPU
		{6187D654-6AE6-4BD1-ABD6-E9AD2F59F12F}.Debug|Any CPU.Build.0 = Debug|Any CPU
		{6187D654-6AE6-4BD1-ABD6-E9AD2F59F12F}.Debug|x64.ActiveCfg = Debug|Any CPU
		{6187D654-6AE6-4BD1-ABD6-E9AD2F59F12F}.Debug|x64.Build.0 = Debug|Any CPU
		{6187D654-6AE6-4BD1-ABD6-E9AD2F59F12F}.Release|Any CPU.ActiveCfg = Release|Any CPU
		{6187D654-6AE6-4BD1-ABD6-E9AD2F59F12F}.Release|Any CPU.Build.0 = Release|Any CPU
		{6187D654-6AE6-4BD1-ABD6-E9AD2F59F12F}.Release|x64.ActiveCfg = Release|Any CPU
		{6187D654-6AE6-4BD1-ABD6-E9AD2F59F12F}.Release|x64.Build.0 = Release|Any CPU
		{AABF4D86-FD51-48D9-A1D0-5A2AFA04A8BB}.Debug|Any CPU.ActiveCfg = Debug|Any CPU
		{AABF4D86-FD51-48D9-A1D0-5A2AFA04A8BB}.Debug|Any CPU.Build.0 = Debug|Any CPU
		{AABF4D86-FD51-48D9-A1D0-5A2AFA04A8BB}.Debug|x64.ActiveCfg = Debug|Any CPU
		{AABF4D86-FD51-48D9-A1D0-5A2AFA04A8BB}.Debug|x64.Build.0 = Debug|Any CPU
		{AABF4D86-FD51-48D9-A1D0-5A2AFA04A8BB}.Release|Any CPU.ActiveCfg = Release|Any CPU
		{AABF4D86-FD51-48D9-A1D0-5A2AFA04A8BB}.Release|x64.ActiveCfg = Release|Any CPU
		{EBE56C76-1FF3-422D-93AC-3F604F2178C0}.Debug|Any CPU.ActiveCfg = Debug|Any CPU
		{EBE56C76-1FF3-422D-93AC-3F604F2178C0}.Debug|Any CPU.Build.0 = Debug|Any CPU
		{EBE56C76-1FF3-422D-93AC-3F604F2178C0}.Debug|x64.ActiveCfg = Debug|Any CPU
		{EBE56C76-1FF3-422D-93AC-3F604F2178C0}.Debug|x64.Build.0 = Debug|Any CPU
		{EBE56C76-1FF3-422D-93AC-3F604F2178C0}.Release|Any CPU.ActiveCfg = Release|Any CPU
		{EBE56C76-1FF3-422D-93AC-3F604F2178C0}.Release|Any CPU.Build.0 = Release|Any CPU
		{EBE56C76-1FF3-422D-93AC-3F604F2178C0}.Release|x64.ActiveCfg = Release|Any CPU
		{EBE56C76-1FF3-422D-93AC-3F604F2178C0}.Release|x64.Build.0 = Release|Any CPU
	EndGlobalSection
	GlobalSection(SolutionProperties) = preSolution
		HideSolutionNode = FALSE
	EndGlobalSection
	GlobalSection(NestedProjects) = preSolution
		{AABF4D86-FD51-48D9-A1D0-5A2AFA04A8BB} = {78537A44-C9EB-442C-8A75-7287DCC83E61}
	EndGlobalSection
	GlobalSection(ExtensibilityGlobals) = postSolution
		SolutionGuid = {195EF418-EB54-4ACC-832D-EEA7D56101FD}
	EndGlobalSection
EndGlobal
